// !$*UTF8*$!
{
	archiveVersion = 1;
	classes = {
	};
	objectVersion = 48;
	objects = {

/* Begin PBXBuildFile section */
		2C4279C11F8A5BCE00BC1743 /* AppDelegate.swift in Sources */ = {isa = PBXBuildFile; fileRef = 2C4279C01F8A5BCE00BC1743 /* AppDelegate.swift */; };
		2C4279C31F8A5BCE00BC1743 /* ViewController.swift in Sources */ = {isa = PBXBuildFile; fileRef = 2C4279C21F8A5BCE00BC1743 /* ViewController.swift */; };
		2C4279C61F8A5BCE00BC1743 /* Main.storyboard in Resources */ = {isa = PBXBuildFile; fileRef = 2C4279C41F8A5BCE00BC1743 /* Main.storyboard */; };
		2C4279C81F8A5BCE00BC1743 /* Assets.xcassets in Resources */ = {isa = PBXBuildFile; fileRef = 2C4279C71F8A5BCE00BC1743 /* Assets.xcassets */; };
		2C4279CB1F8A5BCE00BC1743 /* LaunchScreen.storyboard in Resources */ = {isa = PBXBuildFile; fileRef = 2C4279C91F8A5BCE00BC1743 /* LaunchScreen.storyboard */; };
		2C4279D61F8A5BCE00BC1743 /* FoodTracker_newTests.swift in Sources */ = {isa = PBXBuildFile; fileRef = 2C4279D51F8A5BCE00BC1743 /* FoodTracker_newTests.swift */; };
		2C4279E11F8A93D000BC1743 /* RatingControl.swift in Sources */ = {isa = PBXBuildFile; fileRef = 2C4279E01F8A93D000BC1743 /* RatingControl.swift */; };
/* End PBXBuildFile section */

/* Begin PBXContainerItemProxy section */
		2C4279D21F8A5BCE00BC1743 /* PBXContainerItemProxy */ = {
			isa = PBXContainerItemProxy;
			containerPortal = 2C4279B51F8A5BCE00BC1743 /* Project object */;
			proxyType = 1;
			remoteGlobalIDString = 2C4279BC1F8A5BCE00BC1743;
			remoteInfo = FoodTracker_new;
		};
/* End PBXContainerItemProxy section */

/* Begin PBXFileReference section */
		2C4279BD1F8A5BCE00BC1743 /* FoodTracker_new.app */ = {isa = PBXFileReference; explicitFileType = wrapper.application; includeInIndex = 0; path = FoodTracker_new.app; sourceTree = BUILT_PRODUCTS_DIR; };
		2C4279C01F8A5BCE00BC1743 /* AppDelegate.swift */ = {isa = PBXFileReference; lastKnownFileType = sourcecode.swift; path = AppDelegate.swift; sourceTree = "<group>"; };
		2C4279C21F8A5BCE00BC1743 /* ViewController.swift */ = {isa = PBXFileReference; lastKnownFileType = sourcecode.swift; path = ViewController.swift; sourceTree = "<group>"; };
		2C4279C51F8A5BCE00BC1743 /* Base */ = {isa = PBXFileReference; lastKnownFileType = file.storyboard; name = Base; path = Base.lproj/Main.storyboard; sourceTree = "<group>"; };
		2C4279C71F8A5BCE00BC1743 /* Assets.xcassets */ = {isa = PBXFileReference; lastKnownFileType = folder.assetcatalog; path = Assets.xcassets; sourceTree = "<group>"; };
		2C4279CA1F8A5BCE00BC1743 /* Base */ = {isa = PBXFileReference; lastKnownFileType = file.storyboard; name = Base; path = Base.lproj/LaunchScreen.storyboard; sourceTree = "<group>"; };
		2C4279CC1F8A5BCE00BC1743 /* Info.plist */ = {isa = PBXFileReference; lastKnownFileType = text.plist.xml; path = Info.plist; sourceTree = "<group>"; };
		2C4279D11F8A5BCE00BC1743 /* FoodTracker_newTests.xctest */ = {isa = PBXFileReference; explicitFileType = wrapper.cfbundle; includeInIndex = 0; path = FoodTracker_newTests.xctest; sourceTree = BUILT_PRODUCTS_DIR; };
		2C4279D51F8A5BCE00BC1743 /* FoodTracker_newTests.swift */ = {isa = PBXFileReference; lastKnownFileType = sourcecode.swift; path = FoodTracker_newTests.swift; sourceTree = "<group>"; };
		2C4279D71F8A5BCE00BC1743 /* Info.plist */ = {isa = PBXFileReference; lastKnownFileType = text.plist.xml; path = Info.plist; sourceTree = "<group>"; };
		2C4279E01F8A93D000BC1743 /* RatingControl.swift */ = {isa = PBXFileReference; lastKnownFileType = sourcecode.swift; path = RatingControl.swift; sourceTree = "<group>"; };
/* End PBXFileReference section */

/* Begin PBXFrameworksBuildPhase section */
		2C4279BA1F8A5BCE00BC1743 /* Frameworks */ = {
			isa = PBXFrameworksBuildPhase;
			buildActionMask = 2147483647;
			files = (
			);
			runOnlyForDeploymentPostprocessing = 0;
		};
		2C4279CE1F8A5BCE00BC1743 /* Frameworks */ = {
			isa = PBXFrameworksBuildPhase;
			buildActionMask = 2147483647;
			files = (
			);
			runOnlyForDeploymentPostprocessing = 0;
		};
/* End PBXFrameworksBuildPhase section */

/* Begin PBXGroup section */
		2C4279B41F8A5BCE00BC1743 = {
			isa = PBXGroup;
			children = (
				2C4279BF1F8A5BCE00BC1743 /* FoodTracker_new */,
				2C4279D41F8A5BCE00BC1743 /* FoodTracker_newTests */,
				2C4279BE1F8A5BCE00BC1743 /* Products */,
			);
			sourceTree = "<group>";
		};
		2C4279BE1F8A5BCE00BC1743 /* Products */ = {
			isa = PBXGroup;
			children = (
				2C4279BD1F8A5BCE00BC1743 /* FoodTracker_new.app */,
				2C4279D11F8A5BCE00BC1743 /* FoodTracker_newTests.xctest */,
			);
			name = Products;
			sourceTree = "<group>";
		};
		2C4279BF1F8A5BCE00BC1743 /* FoodTracker_new */ = {
			isa = PBXGroup;
			children = (
				2C4279C01F8A5BCE00BC1743 /* AppDelegate.swift */,
				2C4279C21F8A5BCE00BC1743 /* ViewController.swift */,
				2C4279C41F8A5BCE00BC1743 /* Main.storyboard */,
				2C4279E01F8A93D000BC1743 /* RatingControl.swift */,
				2C4279C71F8A5BCE00BC1743 /* Assets.xcassets */,
				2C4279C91F8A5BCE00BC1743 /* LaunchScreen.storyboard */,
				2C4279CC1F8A5BCE00BC1743 /* Info.plist */,
			);
			path = FoodTracker_new;
			sourceTree = "<group>";
		};
		2C4279D41F8A5BCE00BC1743 /* FoodTracker_newTests */ = {
			isa = PBXGroup;
			children = (
				2C4279D51F8A5BCE00BC1743 /* FoodTracker_newTests.swift */,
				2C4279D71F8A5BCE00BC1743 /* Info.plist */,
			);
			path = FoodTracker_newTests;
			sourceTree = "<group>";
		};
/* End PBXGroup section */

/* Begin PBXNativeTarget section */
		2C4279BC1F8A5BCE00BC1743 /* FoodTracker_new */ = {
			isa = PBXNativeTarget;
			buildConfigurationList = 2C4279DA1F8A5BCE00BC1743 /* Build configuration list for PBXNativeTarget "FoodTracker_new" */;
			buildPhases = (
				2C4279B91F8A5BCE00BC1743 /* Sources */,
				2C4279BA1F8A5BCE00BC1743 /* Frameworks */,
				2C4279BB1F8A5BCE00BC1743 /* Resources */,
			);
			buildRules = (
			);
			dependencies = (
			);
			name = FoodTracker_new;
			productName = FoodTracker_new;
			productReference = 2C4279BD1F8A5BCE00BC1743 /* FoodTracker_new.app */;
			productType = "com.apple.product-type.application";
		};
		2C4279D01F8A5BCE00BC1743 /* FoodTracker_newTests */ = {
			isa = PBXNativeTarget;
			buildConfigurationList = 2C4279DD1F8A5BCE00BC1743 /* Build configuration list for PBXNativeTarget "FoodTracker_newTests" */;
			buildPhases = (
				2C4279CD1F8A5BCE00BC1743 /* Sources */,
				2C4279CE1F8A5BCE00BC1743 /* Frameworks */,
				2C4279CF1F8A5BCE00BC1743 /* Resources */,
			);
			buildRules = (
			);
			dependencies = (
				2C4279D31F8A5BCE00BC1743 /* PBXTargetDependency */,
			);
			name = FoodTracker_newTests;
			productName = FoodTracker_newTests;
			productReference = 2C4279D11F8A5BCE00BC1743 /* FoodTracker_newTests.xctest */;
			productType = "com.apple.product-type.bundle.unit-test";
		};
/* End PBXNativeTarget section */

/* Begin PBXProject section */
		2C4279B51F8A5BCE00BC1743 /* Project object */ = {
			isa = PBXProject;
			attributes = {
				LastSwiftUpdateCheck = 0900;
				LastUpgradeCheck = 0900;
				ORGANIZATIONNAME = "Daniel Quartey";
				TargetAttributes = {
					2C4279BC1F8A5BCE00BC1743 = {
						CreatedOnToolsVersion = 9.0;
						ProvisioningStyle = Automatic;
					};
					2C4279D01F8A5BCE00BC1743 = {
						CreatedOnToolsVersion = 9.0;
						ProvisioningStyle = Automatic;
						TestTargetID = 2C4279BC1F8A5BCE00BC1743;
					};
				};
			};
			buildConfigurationList = 2C4279B81F8A5BCE00BC1743 /* Build configuration list for PBXProject "FoodTracker_new" */;
			compatibilityVersion = "Xcode 8.0";
			developmentRegion = en;
			hasScannedForEncodings = 0;
			knownRegions = (
				en,
				Base,
			);
			mainGroup = 2C4279B41F8A5BCE00BC1743;
			productRefGroup = 2C4279BE1F8A5BCE00BC1743 /* Products */;
			projectDirPath = "";
			projectRoot = "";
			targets = (
				2C4279BC1F8A5BCE00BC1743 /* FoodTracker_new */,
				2C4279D01F8A5BCE00BC1743 /* FoodTracker_newTests */,
			);
		};
/* End PBXProject section */

/* Begin PBXResourcesBuildPhase section */
		2C4279BB1F8A5BCE00BC1743 /* Resources */ = {
			isa = PBXResourcesBuildPhase;
			buildActionMask = 2147483647;
			files = (
				2C4279CB1F8A5BCE00BC1743 /* LaunchScreen.storyboard in Resources */,
				2C4279C81F8A5BCE00BC1743 /* Assets.xcassets in Resources */,
				2C4279C61F8A5BCE00BC1743 /* Main.storyboard in Resources */,
			);
			runOnlyForDeploymentPostprocessing = 0;
		};
		2C4279CF1F8A5BCE00BC1743 /* Resources */ = {
			isa = PBXResourcesBuildPhase;
			buildActionMask = 2147483647;
			files = (
			);
			runOnlyForDeploymentPostprocessing = 0;
		};
/* End PBXResourcesBuildPhase section */

/* Begin PBXSourcesBuildPhase section */
		2C4279B91F8A5BCE00BC1743 /* Sources */ = {
			isa = PBXSourcesBuildPhase;
			buildActionMask = 2147483647;
			files = (
				2C4279C31F8A5BCE00BC1743 /* ViewController.swift in Sources */,
				2C4279E11F8A93D000BC1743 /* RatingControl.swift in Sources */,
				2C4279C11F8A5BCE00BC1743 /* AppDelegate.swift in Sources */,
			);
			runOnlyForDeploymentPostprocessing = 0;
		};
		2C4279CD1F8A5BCE00BC1743 /* Sources */ = {
			isa = PBXSourcesBuildPhase;
			buildActionMask = 2147483647;
			files = (
				2C4279D61F8A5BCE00BC1743 /* FoodTracker_newTests.swift in Sources */,
			);
			runOnlyForDeploymentPostprocessing = 0;
		};
/* End PBXSourcesBuildPhase section */

/* Begin PBXTargetDependency section */
		2C4279D31F8A5BCE00BC1743 /* PBXTargetDependency */ = {
			isa = PBXTargetDependency;
			target = 2C4279BC1F8A5BCE00BC1743 /* FoodTracker_new */;
			targetProxy = 2C4279D21F8A5BCE00BC1743 /* PBXContainerItemProxy */;
		};
/* End PBXTargetDependency section */

/* Begin PBXVariantGroup section */
		2C4279C41F8A5BCE00BC1743 /* Main.storyboard */ = {
			isa = PBXVariantGroup;
			children = (
				2C4279C51F8A5BCE00BC1743 /* Base */,
			);
			name = Main.storyboard;
			sourceTree = "<group>";
		};
		2C4279C91F8A5BCE00BC1743 /* LaunchScreen.storyboard */ = {
			isa = PBXVariantGroup;
			children = (
				2C4279CA1F8A5BCE00BC1743 /* Base */,
			);
			name = LaunchScreen.storyboard;
			sourceTree = "<group>";
		};
/* End PBXVariantGroup section */

/* Begin XCBuildConfiguration section */
		2C4279D81F8A5BCE00BC1743 /* Debug */ = {
			isa = XCBuildConfiguration;
			buildSettings = {
				ALWAYS_SEARCH_USER_PATHS = NO;
				CLANG_ANALYZER_NONNULL = YES;
				CLANG_ANALYZER_NUMBER_OBJECT_CONVERSION = YES_AGGRESSIVE;
				CLANG_CXX_LANGUAGE_STANDARD = "gnu++14";
				CLANG_CXX_LIBRARY = "libc++";
				CLANG_ENABLE_MODULES = YES;
				CLANG_ENABLE_OBJC_ARC = YES;
				CLANG_WARN_BLOCK_CAPTURE_AUTORELEASING = YES;
				CLANG_WARN_BOOL_CONVERSION = YES;
				CLANG_WARN_COMMA = YES;
				CLANG_WARN_CONSTANT_CONVERSION = YES;
				CLANG_WARN_DIRECT_OBJC_ISA_USAGE = YES_ERROR;
				CLANG_WARN_DOCUMENTATION_COMMENTS = YES;
				CLANG_WARN_EMPTY_BODY = YES;
				CLANG_WARN_ENUM_CONVERSION = YES;
				CLANG_WARN_INFINITE_RECURSION = YES;
				CLANG_WARN_INT_CONVERSION = YES;
				CLANG_WARN_NON_LITERAL_NULL_CONVERSION = YES;
				CLANG_WARN_OBJC_LITERAL_CONVERSION = YES;
				CLANG_WARN_OBJC_ROOT_CLASS = YES_ERROR;
				CLANG_WARN_RANGE_LOOP_ANALYSIS = YES;
				CLANG_WARN_STRICT_PROTOTYPES = YES;
				CLANG_WARN_SUSPICIOUS_MOVE = YES;
				CLANG_WARN_UNGUARDED_AVAILABILITY = YES_AGGRESSIVE;
				CLANG_WARN_UNREACHABLE_CODE = YES;
				CLANG_WARN__DUPLICATE_METHOD_MATCH = YES;
				CODE_SIGN_IDENTITY = "iPhone Developer";
				COPY_PHASE_STRIP = NO;
				DEBUG_INFORMATION_FORMAT = dwarf;
				ENABLE_STRICT_OBJC_MSGSEND = YES;
				ENABLE_TESTABILITY = YES;
				GCC_C_LANGUAGE_STANDARD = gnu11;
				GCC_DYNAMIC_NO_PIC = NO;
				GCC_NO_COMMON_BLOCKS = YES;
				GCC_OPTIMIZATION_LEVEL = 0;
				GCC_PREPROCESSOR_DEFINITIONS = (
					"DEBUG=1",
					"$(inherited)",
				);
				GCC_WARN_64_TO_32_BIT_CONVERSION = YES;
				GCC_WARN_ABOUT_RETURN_TYPE = YES_ERROR;
				GCC_WARN_UNDECLARED_SELECTOR = YES;
				GCC_WARN_UNINITIALIZED_AUTOS = YES_AGGRESSIVE;
				GCC_WARN_UNUSED_FUNCTION = YES;
				GCC_WARN_UNUSED_VARIABLE = YES;
				IPHONEOS_DEPLOYMENT_TARGET = 11.0;
				MTL_ENABLE_DEBUG_INFO = YES;
				ONLY_ACTIVE_ARCH = YES;
				SDKROOT = iphoneos;
				SWIFT_ACTIVE_COMPILATION_CONDITIONS = DEBUG;
				SWIFT_OPTIMIZATION_LEVEL = "-Onone";
			};
			name = Debug;
		};
		2C4279D91F8A5BCE00BC1743 /* Release */ = {
			isa = XCBuildConfiguration;
			buildSettings = {
				ALWAYS_SEARCH_USER_PATHS = NO;
				CLANG_ANALYZER_NONNULL = YES;
				CLANG_ANALYZER_NUMBER_OBJECT_CONVERSION = YES_AGGRESSIVE;
				CLANG_CXX_LANGUAGE_STANDARD = "gnu++14";
				CLANG_CXX_LIBRARY = "libc++";
				CLANG_ENABLE_MODULES = YES;
				CLANG_ENABLE_OBJC_ARC = YES;
				CLANG_WARN_BLOCK_CAPTURE_AUTORELEASING = YES;
				CLANG_WARN_BOOL_CONVERSION = YES;
				CLANG_WARN_COMMA = YES;
				CLANG_WARN_CONSTANT_CONVERSION = YES;
				CLANG_WARN_DIRECT_OBJC_ISA_USAGE = YES_ERROR;
				CLANG_WARN_DOCUMENTATION_COMMENTS = YES;
				CLANG_WARN_EMPTY_BODY = YES;
				CLANG_WARN_ENUM_CONVERSION = YES;
				CLANG_WARN_INFINITE_RECURSION = YES;
				CLANG_WARN_INT_CONVERSION = YES;
				CLANG_WARN_NON_LITERAL_NULL_CONVERSION = YES;
				CLANG_WARN_OBJC_LITERAL_CONVERSION = YES;
				CLANG_WARN_OBJC_ROOT_CLASS = YES_ERROR;
				CLANG_WARN_RANGE_LOOP_ANALYSIS = YES;
				CLANG_WARN_STRICT_PROTOTYPES = YES;
				CLANG_WARN_SUSPICIOUS_MOVE = YES;
				CLANG_WARN_UNGUARDED_AVAILABILITY = YES_AGGRESSIVE;
				CLANG_WARN_UNREACHABLE_CODE = YES;
				CLANG_WARN__DUPLICATE_METHOD_MATCH = YES;
				CODE_SIGN_IDENTITY = "iPhone Developer";
				COPY_PHASE_STRIP = NO;
				DEBUG_INFORMATION_FORMAT = "dwarf-with-dsym";
				ENABLE_NS_ASSERTIONS = NO;
				ENABLE_STRICT_OBJC_MSGSEND = YES;
				GCC_C_LANGUAGE_STANDARD = gnu11;
				GCC_NO_COMMON_BLOCKS = YES;
				GCC_WARN_64_TO_32_BIT_CONVERSION = YES;
				GCC_WARN_ABOUT_RETURN_TYPE = YES_ERROR;
				GCC_WARN_UNDECLARED_SELECTOR = YES;
				GCC_WARN_UNINITIALIZED_AUTOS = YES_AGGRESSIVE;
				GCC_WARN_UNUSED_FUNCTION = YES;
				GCC_WARN_UNUSED_VARIABLE = YES;
				IPHONEOS_DEPLOYMENT_TARGET = 11.0;
				MTL_ENABLE_DEBUG_INFO = NO;
				SDKROOT = iphoneos;
				SWIFT_OPTIMIZATION_LEVEL = "-Owholemodule";
				VALIDATE_PRODUCT = YES;
			};
			name = Release;
		};
		2C4279DB1F8A5BCE00BC1743 /* Debug */ = {
			isa = XCBuildConfiguration;
			buildSettings = {
				ASSETCATALOG_COMPILER_APPICON_NAME = AppIcon;
				CODE_SIGN_STYLE = Automatic;
				INFOPLIST_FILE = FoodTracker_new/Info.plist;
				LD_RUNPATH_SEARCH_PATHS = "$(inherited) @executable_path/Frameworks";
				PRODUCT_BUNDLE_IDENTIFIER = "com.example..FoodTracker-new";
				PRODUCT_NAME = "$(TARGET_NAME)";
				SWIFT_VERSION = 4.0;
				TARGETED_DEVICE_FAMILY = "1,2";
			};
			name = Debug;
		};
		2C4279DC1F8A5BCE00BC1743 /* Release */ = {
			isa = XCBuildConfiguration;
			buildSettings = {
				ASSETCATALOG_COMPILER_APPICON_NAME = AppIcon;
				CODE_SIGN_STYLE = Automatic;
				INFOPLIST_FILE = FoodTracker_new/Info.plist;
				LD_RUNPATH_SEARCH_PATHS = "$(inherited) @executable_path/Frameworks";
				PRODUCT_BUNDLE_IDENTIFIER = "com.example..FoodTracker-new";
				PRODUCT_NAME = "$(TARGET_NAME)";
				SWIFT_VERSION = 4.0;
				TARGETED_DEVICE_FAMILY = "1,2";
			};
			name = Release;
		};
		2C4279DE1F8A5BCE00BC1743 /* Debug */ = {
			isa = XCBuildConfiguration;
			buildSettings = {
				ALWAYS_EMBED_SWIFT_STANDARD_LIBRARIES = YES;
				BUNDLE_LOADER = "$(TEST_HOST)";
				CODE_SIGN_STYLE = Automatic;
				INFOPLIST_FILE = FoodTracker_newTests/Info.plist;
				LD_RUNPATH_SEARCH_PATHS = "$(inherited) @executable_path/Frameworks @loader_path/Frameworks";
				PRODUCT_BUNDLE_IDENTIFIER = "com.example..FoodTracker-newTests";
				PRODUCT_NAME = "$(TARGET_NAME)";
				SWIFT_VERSION = 4.0;
				TARGETED_DEVICE_FAMILY = "1,2";
				TEST_HOST = "$(BUILT_PRODUCTS_DIR)/FoodTracker_new.app/FoodTracker_new";
			};
			name = Debug;
		};
		2C4279DF1F8A5BCE00BC1743 /* Release */ = {
			isa = XCBuildConfiguration;
			buildSettings = {
				ALWAYS_EMBED_SWIFT_STANDARD_LIBRARIES = YES;
				BUNDLE_LOADER = "$(TEST_HOST)";
				CODE_SIGN_STYLE = Automatic;
				INFOPLIST_FILE = FoodTracker_newTests/Info.plist;
				LD_RUNPATH_SEARCH_PATHS = "$(inherited) @executable_path/Frameworks @loader_path/Frameworks";
				PRODUCT_BUNDLE_IDENTIFIER = "com.example..FoodTracker-newTests";
				PRODUCT_NAME = "$(TARGET_NAME)";
				SWIFT_VERSION = 4.0;
				TARGETED_DEVICE_FAMILY = "1,2";
				TEST_HOST = "$(BUILT_PRODUCTS_DIR)/FoodTracker_new.app/FoodTracker_new";
			};
			name = Release;
		};
/* End XCBuildConfiguration section */

/* Begin XCConfigurationList section */
		2C4279B81F8A5BCE00BC1743 /* Build configuration list for PBXProject "FoodTracker_new" */ = {
			isa = XCConfigurationList;
			buildConfigurations = (
				2C4279D81F8A5BCE00BC1743 /* Debug */,
				2C4279D91F8A5BCE00BC1743 /* Release */,
			);
			defaultConfigurationIsVisible = 0;
			defaultConfigurationName = Release;
		};
		2C4279DA1F8A5BCE00BC1743 /* Build configuration list for PBXNativeTarget "FoodTracker_new" */ = {
			isa = XCConfigurationList;
			buildConfigurations = (
				2C4279DB1F8A5BCE00BC1743 /* Debug */,
				2C4279DC1F8A5BCE00BC1743 /* Release */,
			);
			defaultConfigurationIsVisible = 0;
			defaultConfigurationName = Release;
		};
		2C4279DD1F8A5BCE00BC1743 /* Build configuration list for PBXNativeTarget "FoodTracker_newTests" */ = {
			isa = XCConfigurationList;
			buildConfigurations = (
				2C4279DE1F8A5BCE00BC1743 /* Debug */,
				2C4279DF1F8A5BCE00BC1743 /* Release */,
			);
			defaultConfigurationIsVisible = 0;
			defaultConfigurationName = Release;
		};
/* End XCConfigurationList section */
	};
	rootObject = 2C4279B51F8A5BCE00BC1743 /* Project object */;
}
